
Microsoft Visual Studio Solution File, Format Version 12.00
# Visual Studio 15
VisualStudioVersion = 15.0.28307.779
MinimumVisualStudioVersion = 10.0.40219.1
Project("{FAE04EC0-301F-11D3-BF4B-00C04F79EFBC}") = "CoalescedAlgorithm.Business", "FileOrganizationHomework.Business\CoalescedAlgorithm.Business.csproj", "{93B22922-FE89-4EF5-950F-3A3779D82E68}"
EndProject
Project("{FAE04EC0-301F-11D3-BF4B-00C04F79EFBC}") = "CoalescedAlgorithm.WebFormsUI", "FileOrganizationHomework.WebFormsUI\CoalescedAlgorithm.WebFormsUI.csproj", "{55E69435-A3D6-4B15-BA8E-983D8556086E}"
EndProject
Global
	GlobalSection(SolutionConfigurationPlatforms) = preSolution
		Debug|Any CPU = Debug|Any CPU
		Release|Any CPU = Release|Any CPU
	EndGlobalSection
	GlobalSection(ProjectConfigurationPlatforms) = postSolution
		{93B22922-FE89-4EF5-950F-3A3779D82E68}.Debug|Any CPU.ActiveCfg = Debug|Any CPU
		{93B22922-FE89-4EF5-950F-3A3779D82E68}.Debug|Any CPU.Build.0 = Debug|Any CPU
		{93B22922-FE89-4EF5-950F-3A3779D82E68}.Release|Any CPU.ActiveCfg = Release|Any CPU
		{93B22922-FE89-4EF5-950F-3A3779D82E68}.Release|Any CPU.Build.0 = Release|Any CPU
		{55E69435-A3D6-4B15-BA8E-983D8556086E}.Debug|Any CPU.ActiveCfg = Debug|Any CPU
		{55E69435-A3D6-4B15-BA8E-983D8556086E}.Debug|Any CPU.Build.0 = Debug|Any CPU
		{55E69435-A3D6-4B15-BA8E-983D8556086E}.Release|Any CPU.ActiveCfg = Release|Any CPU
		{55E69435-A3D6-4B15-BA8E-983D8556086E}.Release|Any CPU.Build.0 = Release|Any CPU
	EndGlobalSection
	GlobalSection(SolutionProperties) = preSolution
		HideSolutionNode = FALSE
	EndGlobalSection
	GlobalSection(ExtensibilityGlobals) = postSolution
		SolutionGuid = {475951CF-871C-4387-941A-E64EEB57DF93}
	EndGlobalSection
EndGlobal
